// !$*UTF8*$!
{
	archiveVersion = 1;
	classes = {
	};
	objectVersion = 50;
	objects = {

/* Begin PBXBuildFile section */
		08ABF19823788EE400CEC3D6 /* AppDelegate.swift in Sources */ = {isa = PBXBuildFile; fileRef = 08ABF19723788EE400CEC3D6 /* AppDelegate.swift */; };
		08ABF19A23788EE400CEC3D6 /* SceneDelegate.swift in Sources */ = {isa = PBXBuildFile; fileRef = 08ABF19923788EE400CEC3D6 /* SceneDelegate.swift */; };
		08ABF19C23788EE400CEC3D6 /* ViewController.swift in Sources */ = {isa = PBXBuildFile; fileRef = 08ABF19B23788EE400CEC3D6 /* ViewController.swift */; };
		08ABF19F23788EE400CEC3D6 /* Main.storyboard in Resources */ = {isa = PBXBuildFile; fileRef = 08ABF19D23788EE400CEC3D6 /* Main.storyboard */; };
		08ABF1A123788EE600CEC3D6 /* Assets.xcassets in Resources */ = {isa = PBXBuildFile; fileRef = 08ABF1A023788EE600CEC3D6 /* Assets.xcassets */; };
		08ABF1A423788EE600CEC3D6 /* LaunchScreen.storyboard in Resources */ = {isa = PBXBuildFile; fileRef = 08ABF1A223788EE600CEC3D6 /* LaunchScreen.storyboard */; };
		08ABF1AF23788EE600CEC3D6 /* EasyParkingTests.swift in Sources */ = {isa = PBXBuildFile; fileRef = 08ABF1AE23788EE600CEC3D6 /* EasyParkingTests.swift */; };
		08ABF1BA23788EE600CEC3D6 /* EasyParkingUITests.swift in Sources */ = {isa = PBXBuildFile; fileRef = 08ABF1B923788EE600CEC3D6 /* EasyParkingUITests.swift */; };
/* End PBXBuildFile section */

/* Begin PBXContainerItemProxy section */
		08ABF1AB23788EE600CEC3D6 /* PBXContainerItemProxy */ = {
			isa = PBXContainerItemProxy;
			containerPortal = 08ABF18C23788EE400CEC3D6 /* Project object */;
			proxyType = 1;
			remoteGlobalIDString = 08ABF19323788EE400CEC3D6;
			remoteInfo = EasyParking;
		};
		08ABF1B623788EE600CEC3D6 /* PBXContainerItemProxy */ = {
			isa = PBXContainerItemProxy;
			containerPortal = 08ABF18C23788EE400CEC3D6 /* Project object */;
			proxyType = 1;
			remoteGlobalIDString = 08ABF19323788EE400CEC3D6;
			remoteInfo = EasyParking;
		};
/* End PBXContainerItemProxy section */

/* Begin PBXFileReference section */
		08ABF19423788EE400CEC3D6 /* EasyParking.app */ = {isa = PBXFileReference; explicitFileType = wrapper.application; includeInIndex = 0; path = EasyParking.app; sourceTree = BUILT_PRODUCTS_DIR; };
		08ABF19723788EE400CEC3D6 /* AppDelegate.swift */ = {isa = PBXFileReference; lastKnownFileType = sourcecode.swift; path = AppDelegate.swift; sourceTree = "<group>"; };
		08ABF19923788EE400CEC3D6 /* SceneDelegate.swift */ = {isa = PBXFileReference; lastKnownFileType = sourcecode.swift; path = SceneDelegate.swift; sourceTree = "<group>"; };
		08ABF19B23788EE400CEC3D6 /* ViewController.swift */ = {isa = PBXFileReference; lastKnownFileType = sourcecode.swift; path = ViewController.swift; sourceTree = "<group>"; };
		08ABF19E23788EE400CEC3D6 /* Base */ = {isa = PBXFileReference; lastKnownFileType = file.storyboard; name = Base; path = Base.lproj/Main.storyboard; sourceTree = "<group>"; };
		08ABF1A023788EE600CEC3D6 /* Assets.xcassets */ = {isa = PBXFileReference; lastKnownFileType = folder.assetcatalog; path = Assets.xcassets; sourceTree = "<group>"; };
		08ABF1A323788EE600CEC3D6 /* Base */ = {isa = PBXFileReference; lastKnownFileType = file.storyboard; name = Base; path = Base.lproj/LaunchScreen.storyboard; sourceTree = "<group>"; };
		08ABF1A523788EE600CEC3D6 /* Info.plist */ = {isa = PBXFileReference; lastKnownFileType = text.plist.xml; path = Info.plist; sourceTree = "<group>"; };
		08ABF1AA23788EE600CEC3D6 /* EasyParkingTests.xctest */ = {isa = PBXFileReference; explicitFileType = wrapper.cfbundle; includeInIndex = 0; path = EasyParkingTests.xctest; sourceTree = BUILT_PRODUCTS_DIR; };
		08ABF1AE23788EE600CEC3D6 /* EasyParkingTests.swift */ = {isa = PBXFileReference; lastKnownFileType = sourcecode.swift; path = EasyParkingTests.swift; sourceTree = "<group>"; };
		08ABF1B023788EE600CEC3D6 /* Info.plist */ = {isa = PBXFileReference; lastKnownFileType = text.plist.xml; path = Info.plist; sourceTree = "<group>"; };
		08ABF1B523788EE600CEC3D6 /* EasyParkingUITests.xctest */ = {isa = PBXFileReference; explicitFileType = wrapper.cfbundle; includeInIndex = 0; path = EasyParkingUITests.xctest; sourceTree = BUILT_PRODUCTS_DIR; };
		08ABF1B923788EE600CEC3D6 /* EasyParkingUITests.swift */ = {isa = PBXFileReference; lastKnownFileType = sourcecode.swift; path = EasyParkingUITests.swift; sourceTree = "<group>"; };
		08ABF1BB23788EE600CEC3D6 /* Info.plist */ = {isa = PBXFileReference; lastKnownFileType = text.plist.xml; path = Info.plist; sourceTree = "<group>"; };
/* End PBXFileReference section */

/* Begin PBXFrameworksBuildPhase section */
		08ABF19123788EE400CEC3D6 /* Frameworks */ = {
			isa = PBXFrameworksBuildPhase;
			buildActionMask = 2147483647;
			files = (
			);
			runOnlyForDeploymentPostprocessing = 0;
		};
		08ABF1A723788EE600CEC3D6 /* Frameworks */ = {
			isa = PBXFrameworksBuildPhase;
			buildActionMask = 2147483647;
			files = (
			);
			runOnlyForDeploymentPostprocessing = 0;
		};
		08ABF1B223788EE600CEC3D6 /* Frameworks */ = {
			isa = PBXFrameworksBuildPhase;
			buildActionMask = 2147483647;
			files = (
			);
			runOnlyForDeploymentPostprocessing = 0;
		};
/* End PBXFrameworksBuildPhase section */

/* Begin PBXGroup section */
		08ABF18B23788EE400CEC3D6 = {
			isa = PBXGroup;
			children = (
				08ABF19623788EE400CEC3D6 /* EasyParking */,
				08ABF1AD23788EE600CEC3D6 /* EasyParkingTests */,
				08ABF1B823788EE600CEC3D6 /* EasyParkingUITests */,
				08ABF19523788EE400CEC3D6 /* Products */,
			);
			sourceTree = "<group>";
		};
		08ABF19523788EE400CEC3D6 /* Products */ = {
			isa = PBXGroup;
			children = (
				08ABF19423788EE400CEC3D6 /* EasyParking.app */,
				08ABF1AA23788EE600CEC3D6 /* EasyParkingTests.xctest */,
				08ABF1B523788EE600CEC3D6 /* EasyParkingUITests.xctest */,
			);
			name = Products;
			sourceTree = "<group>";
		};
		08ABF19623788EE400CEC3D6 /* EasyParking */ = {
			isa = PBXGroup;
			children = (
				08ABF19723788EE400CEC3D6 /* AppDelegate.swift */,
				08ABF19923788EE400CEC3D6 /* SceneDelegate.swift */,
				08ABF19B23788EE400CEC3D6 /* ViewController.swift */,
				08ABF19D23788EE400CEC3D6 /* Main.storyboard */,
				08ABF1A023788EE600CEC3D6 /* Assets.xcassets */,
				08ABF1A223788EE600CEC3D6 /* LaunchScreen.storyboard */,
				08ABF1A523788EE600CEC3D6 /* Info.plist */,
			);
			path = EasyParking;
			sourceTree = "<group>";
		};
		08ABF1AD23788EE600CEC3D6 /* EasyParkingTests */ = {
			isa = PBXGroup;
			children = (
				08ABF1AE23788EE600CEC3D6 /* EasyParkingTests.swift */,
				08ABF1B023788EE600CEC3D6 /* Info.plist */,
			);
			path = EasyParkingTests;
			sourceTree = "<group>";
		};
		08ABF1B823788EE600CEC3D6 /* EasyParkingUITests */ = {
			isa = PBXGroup;
			children = (
				08ABF1B923788EE600CEC3D6 /* EasyParkingUITests.swift */,
				08ABF1BB23788EE600CEC3D6 /* Info.plist */,
			);
			path = EasyParkingUITests;
			sourceTree = "<group>";
		};
/* End PBXGroup section */

/* Begin PBXNativeTarget section */
		08ABF19323788EE400CEC3D6 /* EasyParking */ = {
			isa = PBXNativeTarget;
			buildConfigurationList = 08ABF1BE23788EE600CEC3D6 /* Build configuration list for PBXNativeTarget "EasyParking" */;
			buildPhases = (
				08ABF19023788EE400CEC3D6 /* Sources */,
				08ABF19123788EE400CEC3D6 /* Frameworks */,
				08ABF19223788EE400CEC3D6 /* Resources */,
			);
			buildRules = (
			);
			dependencies = (
			);
			name = EasyParking;
			productName = EasyParking;
			productReference = 08ABF19423788EE400CEC3D6 /* EasyParking.app */;
			productType = "com.apple.product-type.application";
		};
		08ABF1A923788EE600CEC3D6 /* EasyParkingTests */ = {
			isa = PBXNativeTarget;
			buildConfigurationList = 08ABF1C123788EE600CEC3D6 /* Build configuration list for PBXNativeTarget "EasyParkingTests" */;
			buildPhases = (
				08ABF1A623788EE600CEC3D6 /* Sources */,
				08ABF1A723788EE600CEC3D6 /* Frameworks */,
				08ABF1A823788EE600CEC3D6 /* Resources */,
			);
			buildRules = (
			);
			dependencies = (
				08ABF1AC23788EE600CEC3D6 /* PBXTargetDependency */,
			);
			name = EasyParkingTests;
			productName = EasyParkingTests;
			productReference = 08ABF1AA23788EE600CEC3D6 /* EasyParkingTests.xctest */;
			productType = "com.apple.product-type.bundle.unit-test";
		};
		08ABF1B423788EE600CEC3D6 /* EasyParkingUITests */ = {
			isa = PBXNativeTarget;
			buildConfigurationList = 08ABF1C423788EE600CEC3D6 /* Build configuration list for PBXNativeTarget "EasyParkingUITests" */;
			buildPhases = (
				08ABF1B123788EE600CEC3D6 /* Sources */,
				08ABF1B223788EE600CEC3D6 /* Frameworks */,
				08ABF1B323788EE600CEC3D6 /* Resources */,
			);
			buildRules = (
			);
			dependencies = (
				08ABF1B723788EE600CEC3D6 /* PBXTargetDependency */,
			);
			name = EasyParkingUITests;
			productName = EasyParkingUITests;
			productReference = 08ABF1B523788EE600CEC3D6 /* EasyParkingUITests.xctest */;
			productType = "com.apple.product-type.bundle.ui-testing";
		};
/* End PBXNativeTarget section */

/* Begin PBXProject section */
		08ABF18C23788EE400CEC3D6 /* Project object */ = {
			isa = PBXProject;
			attributes = {
				LastSwiftUpdateCheck = 1110;
				LastUpgradeCheck = 1110;
				ORGANIZATIONNAME = "The Coders";
				TargetAttributes = {
					08ABF19323788EE400CEC3D6 = {
						CreatedOnToolsVersion = 11.1;
					};
					08ABF1A923788EE600CEC3D6 = {
						CreatedOnToolsVersion = 11.1;
						TestTargetID = 08ABF19323788EE400CEC3D6;
					};
					08ABF1B423788EE600CEC3D6 = {
						CreatedOnToolsVersion = 11.1;
						TestTargetID = 08ABF19323788EE400CEC3D6;
					};
				};
			};
			buildConfigurationList = 08ABF18F23788EE400CEC3D6 /* Build configuration list for PBXProject "EasyParking" */;
			compatibilityVersion = "Xcode 9.3";
			developmentRegion = en;
			hasScannedForEncodings = 0;
			knownRegions = (
				en,
				Base,
			);
			mainGroup = 08ABF18B23788EE400CEC3D6;
			productRefGroup = 08ABF19523788EE400CEC3D6 /* Products */;
			projectDirPath = "";
			projectRoot = "";
			targets = (
				08ABF19323788EE400CEC3D6 /* EasyParking */,
				08ABF1A923788EE600CEC3D6 /* EasyParkingTests */,
				08ABF1B423788EE600CEC3D6 /* EasyParkingUITests */,
			);
		};
/* End PBXProject section */

/* Begin PBXResourcesBuildPhase section */
		08ABF19223788EE400CEC3D6 /* Resources */ = {
			isa = PBXResourcesBuildPhase;
			buildActionMask = 2147483647;
			files = (
				08ABF1A423788EE600CEC3D6 /* LaunchScreen.storyboard in Resources */,
				08ABF1A123788EE600CEC3D6 /* Assets.xcassets in Resources */,
				08ABF19F23788EE400CEC3D6 /* Main.storyboard in Resources */,
			);
			runOnlyForDeploymentPostprocessing = 0;
		};
		08ABF1A823788EE600CEC3D6 /* Resources */ = {
			isa = PBXResourcesBuildPhase;
			buildActionMask = 2147483647;
			files = (
			);
			runOnlyForDeploymentPostprocessing = 0;
		};
		08ABF1B323788EE600CEC3D6 /* Resources */ = {
			isa = PBXResourcesBuildPhase;
			buildActionMask = 2147483647;
			files = (
			);
			runOnlyForDeploymentPostprocessing = 0;
		};
/* End PBXResourcesBuildPhase section */

/* Begin PBXSourcesBuildPhase section */
		08ABF19023788EE400CEC3D6 /* Sources */ = {
			isa = PBXSourcesBuildPhase;
			buildActionMask = 2147483647;
			files = (
				08ABF19C23788EE400CEC3D6 /* ViewController.swift in Sources */,
				08ABF19823788EE400CEC3D6 /* AppDelegate.swift in Sources */,
				08ABF19A23788EE400CEC3D6 /* SceneDelegate.swift in Sources */,
			);
			runOnlyForDeploymentPostprocessing = 0;
		};
		08ABF1A623788EE600CEC3D6 /* Sources */ = {
			isa = PBXSourcesBuildPhase;
			buildActionMask = 2147483647;
			files = (
				08ABF1AF23788EE600CEC3D6 /* EasyParkingTests.swift in Sources */,
			);
			runOnlyForDeploymentPostprocessing = 0;
		};
		08ABF1B123788EE600CEC3D6 /* Sources */ = {
			isa = PBXSourcesBuildPhase;
			buildActionMask = 2147483647;
			files = (
				08ABF1BA23788EE600CEC3D6 /* EasyParkingUITests.swift in Sources */,
			);
			runOnlyForDeploymentPostprocessing = 0;
		};
/* End PBXSourcesBuildPhase section */

/* Begin PBXTargetDependency section */
		08ABF1AC23788EE600CEC3D6 /* PBXTargetDependency */ = {
			isa = PBXTargetDependency;
			target = 08ABF19323788EE400CEC3D6 /* EasyParking */;
			targetProxy = 08ABF1AB23788EE600CEC3D6 /* PBXContainerItemProxy */;
		};
		08ABF1B723788EE600CEC3D6 /* PBXTargetDependency */ = {
			isa = PBXTargetDependency;
			target = 08ABF19323788EE400CEC3D6 /* EasyParking */;
			targetProxy = 08ABF1B623788EE600CEC3D6 /* PBXContainerItemProxy */;
		};
/* End PBXTargetDependency section */

/* Begin PBXVariantGroup section */
		08ABF19D23788EE400CEC3D6 /* Main.storyboard */ = {
			isa = PBXVariantGroup;
			children = (
				08ABF19E23788EE400CEC3D6 /* Base */,
			);
			name = Main.storyboard;
			sourceTree = "<group>";
		};
		08ABF1A223788EE600CEC3D6 /* LaunchScreen.storyboard */ = {
			isa = PBXVariantGroup;
			children = (
				08ABF1A323788EE600CEC3D6 /* Base */,
			);
			name = LaunchScreen.storyboard;
			sourceTree = "<group>";
		};
/* End PBXVariantGroup section */

/* Begin XCBuildConfiguration section */
		08ABF1BC23788EE600CEC3D6 /* Debug */ = {
			isa = XCBuildConfiguration;
			buildSettings = {
				ALWAYS_SEARCH_USER_PATHS = NO;
				CLANG_ANALYZER_NONNULL = YES;
				CLANG_ANALYZER_NUMBER_OBJECT_CONVERSION = YES_AGGRESSIVE;
				CLANG_CXX_LANGUAGE_STANDARD = "gnu++14";
				CLANG_CXX_LIBRARY = "libc++";
				CLANG_ENABLE_MODULES = YES;
				CLANG_ENABLE_OBJC_ARC = YES;
				CLANG_ENABLE_OBJC_WEAK = YES;
				CLANG_WARN_BLOCK_CAPTURE_AUTORELEASING = YES;
				CLANG_WARN_BOOL_CONVERSION = YES;
				CLANG_WARN_COMMA = YES;
				CLANG_WARN_CONSTANT_CONVERSION = YES;
				CLANG_WARN_DEPRECATED_OBJC_IMPLEMENTATIONS = YES;
				CLANG_WARN_DIRECT_OBJC_ISA_USAGE = YES_ERROR;
				CLANG_WARN_DOCUMENTATION_COMMENTS = YES;
				CLANG_WARN_EMPTY_BODY = YES;
				CLANG_WARN_ENUM_CONVERSION = YES;
				CLANG_WARN_INFINITE_RECURSION = YES;
				CLANG_WARN_INT_CONVERSION = YES;
				CLANG_WARN_NON_LITERAL_NULL_CONVERSION = YES;
				CLANG_WARN_OBJC_IMPLICIT_RETAIN_SELF = YES;
				CLANG_WARN_OBJC_LITERAL_CONVERSION = YES;
				CLANG_WARN_OBJC_ROOT_CLASS = YES_ERROR;
				CLANG_WARN_RANGE_LOOP_ANALYSIS = YES;
				CLANG_WARN_STRICT_PROTOTYPES = YES;
				CLANG_WARN_SUSPICIOUS_MOVE = YES;
				CLANG_WARN_UNGUARDED_AVAILABILITY = YES_AGGRESSIVE;
				CLANG_WARN_UNREACHABLE_CODE = YES;
				CLANG_WARN__DUPLICATE_METHOD_MATCH = YES;
				COPY_PHASE_STRIP = NO;
				DEBUG_INFORMATION_FORMAT = dwarf;
				ENABLE_STRICT_OBJC_MSGSEND = YES;
				ENABLE_TESTABILITY = YES;
				GCC_C_LANGUAGE_STANDARD = gnu11;
				GCC_DYNAMIC_NO_PIC = NO;
				GCC_NO_COMMON_BLOCKS = YES;
				GCC_OPTIMIZATION_LEVEL = 0;
				GCC_PREPROCESSOR_DEFINITIONS = (
					"DEBUG=1",
					"$(inherited)",
				);
				GCC_WARN_64_TO_32_BIT_CONVERSION = YES;
				GCC_WARN_ABOUT_RETURN_TYPE = YES_ERROR;
				GCC_WARN_UNDECLARED_SELECTOR = YES;
				GCC_WARN_UNINITIALIZED_AUTOS = YES_AGGRESSIVE;
				GCC_WARN_UNUSED_FUNCTION = YES;
				GCC_WARN_UNUSED_VARIABLE = YES;
				IPHONEOS_DEPLOYMENT_TARGET = 13.1;
				MTL_ENABLE_DEBUG_INFO = INCLUDE_SOURCE;
				MTL_FAST_MATH = YES;
				ONLY_ACTIVE_ARCH = YES;
				SDKROOT = iphoneos;
				SWIFT_ACTIVE_COMPILATION_CONDITIONS = DEBUG;
				SWIFT_OPTIMIZATION_LEVEL = "-Onone";
			};
			name = Debug;
		};
		08ABF1BD23788EE600CEC3D6 /* Release */ = {
			isa = XCBuildConfiguration;
			buildSettings = {
				ALWAYS_SEARCH_USER_PATHS = NO;
				CLANG_ANALYZER_NONNULL = YES;
				CLANG_ANALYZER_NUMBER_OBJECT_CONVERSION = YES_AGGRESSIVE;
				CLANG_CXX_LANGUAGE_STANDARD = "gnu++14";
				CLANG_CXX_LIBRARY = "libc++";
				CLANG_ENABLE_MODULES = YES;
				CLANG_ENABLE_OBJC_ARC = YES;
				CLANG_ENABLE_OBJC_WEAK = YES;
				CLANG_WARN_BLOCK_CAPTURE_AUTORELEASING = YES;
				CLANG_WARN_BOOL_CONVERSION = YES;
				CLANG_WARN_COMMA = YES;
				CLANG_WARN_CONSTANT_CONVERSION = YES;
				CLANG_WARN_DEPRECATED_OBJC_IMPLEMENTATIONS = YES;
				CLANG_WARN_DIRECT_OBJC_ISA_USAGE = YES_ERROR;
				CLANG_WARN_DOCUMENTATION_COMMENTS = YES;
				CLANG_WARN_EMPTY_BODY = YES;
				CLANG_WARN_ENUM_CONVERSION = YES;
				CLANG_WARN_INFINITE_RECURSION = YES;
				CLANG_WARN_INT_CONVERSION = YES;
				CLANG_WARN_NON_LITERAL_NULL_CONVERSION = YES;
				CLANG_WARN_OBJC_IMPLICIT_RETAIN_SELF = YES;
				CLANG_WARN_OBJC_LITERAL_CONVERSION = YES;
				CLANG_WARN_OBJC_ROOT_CLASS = YES_ERROR;
				CLANG_WARN_RANGE_LOOP_ANALYSIS = YES;
				CLANG_WARN_STRICT_PROTOTYPES = YES;
				CLANG_WARN_SUSPICIOUS_MOVE = YES;
				CLANG_WARN_UNGUARDED_AVAILABILITY = YES_AGGRESSIVE;
				CLANG_WARN_UNREACHABLE_CODE = YES;
				CLANG_WARN__DUPLICATE_METHOD_MATCH = YES;
				COPY_PHASE_STRIP = NO;
				DEBUG_INFORMATION_FORMAT = "dwarf-with-dsym";
				ENABLE_NS_ASSERTIONS = NO;
				ENABLE_STRICT_OBJC_MSGSEND = YES;
				GCC_C_LANGUAGE_STANDARD = gnu11;
				GCC_NO_COMMON_BLOCKS = YES;
				GCC_WARN_64_TO_32_BIT_CONVERSION = YES;
				GCC_WARN_ABOUT_RETURN_TYPE = YES_ERROR;
				GCC_WARN_UNDECLARED_SELECTOR = YES;
				GCC_WARN_UNINITIALIZED_AUTOS = YES_AGGRESSIVE;
				GCC_WARN_UNUSED_FUNCTION = YES;
				GCC_WARN_UNUSED_VARIABLE = YES;
				IPHONEOS_DEPLOYMENT_TARGET = 13.1;
				MTL_ENABLE_DEBUG_INFO = NO;
				MTL_FAST_MATH = YES;
				SDKROOT = iphoneos;
				SWIFT_COMPILATION_MODE = wholemodule;
				SWIFT_OPTIMIZATION_LEVEL = "-O";
				VALIDATE_PRODUCT = YES;
			};
			name = Release;
		};
		08ABF1BF23788EE600CEC3D6 /* Debug */ = {
			isa = XCBuildConfiguration;
			buildSettings = {
				ASSETCATALOG_COMPILER_APPICON_NAME = AppIcon;
				CODE_SIGN_STYLE = Automatic;
				DEVELOPMENT_TEAM = MTVB5786Q4;
				INFOPLIST_FILE = EasyParking/Info.plist;
				LD_RUNPATH_SEARCH_PATHS = (
					"$(inherited)",
					"@executable_path/Frameworks",
				);
				PRODUCT_BUNDLE_IDENTIFIER = TC.EasyParking;
				PRODUCT_NAME = "$(TARGET_NAME)";
				SWIFT_VERSION = 5.0;
				TARGETED_DEVICE_FAMILY = "1,2";
			};
			name = Debug;
		};
		08ABF1C023788EE600CEC3D6 /* Release */ = {
			isa = XCBuildConfiguration;
			buildSettings = {
				ASSETCATALOG_COMPILER_APPICON_NAME = AppIcon;
				CODE_SIGN_STYLE = Automatic;
				DEVELOPMENT_TEAM = MTVB5786Q4;
				INFOPLIST_FILE = EasyParking/Info.plist;
				LD_RUNPATH_SEARCH_PATHS = (
					"$(inherited)",
					"@executable_path/Frameworks",
				);
				PRODUCT_BUNDLE_IDENTIFIER = TC.EasyParking;
				PRODUCT_NAME = "$(TARGET_NAME)";
				SWIFT_VERSION = 5.0;
				TARGETED_DEVICE_FAMILY = "1,2";
			};
			name = Release;
		};
		08ABF1C223788EE600CEC3D6 /* Debug */ = {
			isa = XCBuildConfiguration;
			buildSettings = {
				ALWAYS_EMBED_SWIFT_STANDARD_LIBRARIES = YES;
				BUNDLE_LOADER = "$(TEST_HOST)";
				CODE_SIGN_STYLE = Automatic;
				DEVELOPMENT_TEAM = MTVB5786Q4;
				INFOPLIST_FILE = EasyParkingTests/Info.plist;
				IPHONEOS_DEPLOYMENT_TARGET = 13.1;
				LD_RUNPATH_SEARCH_PATHS = (
					"$(inherited)",
					"@executable_path/Frameworks",
					"@loader_path/Frameworks",
				);
				PRODUCT_BUNDLE_IDENTIFIER = TC.EasyParkingTests;
				PRODUCT_NAME = "$(TARGET_NAME)";
				SWIFT_VERSION = 5.0;
				TARGETED_DEVICE_FAMILY = "1,2";
				TEST_HOST = "$(BUILT_PRODUCTS_DIR)/EasyParking.app/EasyParking";
			};
			name = Debug;
		};
		08ABF1C323788EE600CEC3D6 /* Release */ = {
			isa = XCBuildConfiguration;
			buildSettings = {
				ALWAYS_EMBED_SWIFT_STANDARD_LIBRARIES = YES;
				BUNDLE_LOADER = "$(TEST_HOST)";
				CODE_SIGN_STYLE = Automatic;
				DEVELOPMENT_TEAM = MTVB5786Q4;
				INFOPLIST_FILE = EasyParkingTests/Info.plist;
				IPHONEOS_DEPLOYMENT_TARGET = 13.1;
				LD_RUNPATH_SEARCH_PATHS = (
					"$(inherited)",
					"@executable_path/Frameworks",
					"@loader_path/Frameworks",
				);
				PRODUCT_BUNDLE_IDENTIFIER = TC.EasyParkingTests;
				PRODUCT_NAME = "$(TARGET_NAME)";
				SWIFT_VERSION = 5.0;
				TARGETED_DEVICE_FAMILY = "1,2";
				TEST_HOST = "$(BUILT_PRODUCTS_DIR)/EasyParking.app/EasyParking";
			};
			name = Release;
		};
		08ABF1C523788EE600CEC3D6 /* Debug */ = {
			isa = XCBuildConfiguration;
			buildSettings = {
				ALWAYS_EMBED_SWIFT_STANDARD_LIBRARIES = YES;
				CODE_SIGN_STYLE = Automatic;
				DEVELOPMENT_TEAM = MTVB5786Q4;
				INFOPLIST_FILE = EasyParkingUITests/Info.plist;
				LD_RUNPATH_SEARCH_PATHS = (
					"$(inherited)",
					"@executable_path/Frameworks",
					"@loader_path/Frameworks",
				);
				PRODUCT_BUNDLE_IDENTIFIER = TC.EasyParkingUITests;
				PRODUCT_NAME = "$(TARGET_NAME)";
				SWIFT_VERSION = 5.0;
				TARGETED_DEVICE_FAMILY = "1,2";
				TEST_TARGET_NAME = EasyParking;
			};
			name = Debug;
		};
		08ABF1C623788EE600CEC3D6 /* Release */ = {
			isa = XCBuildConfiguration;
			buildSettings = {
				ALWAYS_EMBED_SWIFT_STANDARD_LIBRARIES = YES;
				CODE_SIGN_STYLE = Automatic;
				DEVELOPMENT_TEAM = MTVB5786Q4;
				INFOPLIST_FILE = EasyParkingUITests/Info.plist;
				LD_RUNPATH_SEARCH_PATHS = (
					"$(inherited)",
					"@executable_path/Frameworks",
					"@loader_path/Frameworks",
				);
				PRODUCT_BUNDLE_IDENTIFIER = TC.EasyParkingUITests;
				PRODUCT_NAME = "$(TARGET_NAME)";
				SWIFT_VERSION = 5.0;
				TARGETED_DEVICE_FAMILY = "1,2";
				TEST_TARGET_NAME = EasyParking;
			};
			name = Release;
		};
/* End XCBuildConfiguration section */

/* Begin XCConfigurationList section */
		08ABF18F23788EE400CEC3D6 /* Build configuration list for PBXProject "EasyParking" */ = {
			isa = XCConfigurationList;
			buildConfigurations = (
				08ABF1BC23788EE600CEC3D6 /* Debug */,
				08ABF1BD23788EE600CEC3D6 /* Release */,
			);
			defaultConfigurationIsVisible = 0;
			defaultConfigurationName = Release;
		};
		08ABF1BE23788EE600CEC3D6 /* Build configuration list for PBXNativeTarget "EasyParking" */ = {
			isa = XCConfigurationList;
			buildConfigurations = (
				08ABF1BF23788EE600CEC3D6 /* Debug */,
				08ABF1C023788EE600CEC3D6 /* Release */,
			);
			defaultConfigurationIsVisible = 0;
			defaultConfigurationName = Release;
		};
		08ABF1C123788EE600CEC3D6 /* Build configuration list for PBXNativeTarget "EasyParkingTests" */ = {
			isa = XCConfigurationList;
			buildConfigurations = (
				08ABF1C223788EE600CEC3D6 /* Debug */,
				08ABF1C323788EE600CEC3D6 /* Release */,
			);
			defaultConfigurationIsVisible = 0;
			defaultConfigurationName = Release;
		};
		08ABF1C423788EE600CEC3D6 /* Build configuration list for PBXNativeTarget "EasyParkingUITests" */ = {
			isa = XCConfigurationList;
			buildConfigurations = (
				08ABF1C523788EE600CEC3D6 /* Debug */,
				08ABF1C623788EE600CEC3D6 /* Release */,
			);
			defaultConfigurationIsVisible = 0;
			defaultConfigurationName = Release;
		};
/* End XCConfigurationList section */
	};
	rootObject = 08ABF18C23788EE400CEC3D6 /* Project object */;
}
