// !$*UTF8*$!
{
	archiveVersion = 1;
	classes = {
	};
	objectVersion = 51;
	objects = {

/* Begin PBXBuildFile section */
		080ED2DA237C717B00C013C0 /* UserController.swift in Sources */ = {isa = PBXBuildFile; fileRef = 080ED2D9237C717B00C013C0 /* UserController.swift */; };
		080ED2DC237C834000C013C0 /* SignUpViewController.swift in Sources */ = {isa = PBXBuildFile; fileRef = 080ED2DB237C834000C013C0 /* SignUpViewController.swift */; };
		0836A359237B704000776A24 /* SignInViewController.swift in Sources */ = {isa = PBXBuildFile; fileRef = 0836A358237B704000776A24 /* SignInViewController.swift */; };
		085B9FFD237F45E6005D948D /* User.swift in Sources */ = {isa = PBXBuildFile; fileRef = 085B9FFC237F45E6005D948D /* User.swift */; };
		08ABF19823788EE400CEC3D6 /* AppDelegate.swift in Sources */ = {isa = PBXBuildFile; fileRef = 08ABF19723788EE400CEC3D6 /* AppDelegate.swift */; };
		08ABF19A23788EE400CEC3D6 /* SceneDelegate.swift in Sources */ = {isa = PBXBuildFile; fileRef = 08ABF19923788EE400CEC3D6 /* SceneDelegate.swift */; };
		08ABF19C23788EE400CEC3D6 /* ViewController.swift in Sources */ = {isa = PBXBuildFile; fileRef = 08ABF19B23788EE400CEC3D6 /* ViewController.swift */; };
		08ABF19F23788EE400CEC3D6 /* Main.storyboard in Resources */ = {isa = PBXBuildFile; fileRef = 08ABF19D23788EE400CEC3D6 /* Main.storyboard */; };
		08ABF1A123788EE600CEC3D6 /* Assets.xcassets in Resources */ = {isa = PBXBuildFile; fileRef = 08ABF1A023788EE600CEC3D6 /* Assets.xcassets */; };
		08ABF1A423788EE600CEC3D6 /* LaunchScreen.storyboard in Resources */ = {isa = PBXBuildFile; fileRef = 08ABF1A223788EE600CEC3D6 /* LaunchScreen.storyboard */; };
		08ABF1AF23788EE600CEC3D6 /* EasyParkingTests.swift in Sources */ = {isa = PBXBuildFile; fileRef = 08ABF1AE23788EE600CEC3D6 /* EasyParkingTests.swift */; };
		08ABF1BA23788EE600CEC3D6 /* EasyParkingUITests.swift in Sources */ = {isa = PBXBuildFile; fileRef = 08ABF1B923788EE600CEC3D6 /* EasyParkingUITests.swift */; };
		08ABF1C8237892C500CEC3D6 /* GoogleService-Info.plist in Resources */ = {isa = PBXBuildFile; fileRef = 08ABF1C7237892C500CEC3D6 /* GoogleService-Info.plist */; };
		08E218B323899A8B009C5B0B /* HomePageViewController.swift in Sources */ = {isa = PBXBuildFile; fileRef = 08E218B223899A8B009C5B0B /* HomePageViewController.swift */; };
		08E218B52391ABB4009C5B0B /* UserSettingsViewController.swift in Sources */ = {isa = PBXBuildFile; fileRef = 08E218B42391ABB4009C5B0B /* UserSettingsViewController.swift */; };
		766986A7D23EC0138353FE0B /* Pods_EasyParking.framework in Frameworks */ = {isa = PBXBuildFile; fileRef = 70C511477922FA1ED8173384 /* Pods_EasyParking.framework */; };
		76E5F180363C019FA048B836 /* Pods_EasyParkingTests.framework in Frameworks */ = {isa = PBXBuildFile; fileRef = F815EEDFFF78B95C1F671D6B /* Pods_EasyParkingTests.framework */; };
		A1B80378D3562DE0F8DF639F /* Pods_EasyParking_EasyParkingUITests.framework in Frameworks */ = {isa = PBXBuildFile; fileRef = 75D87EC04457D317C23F10B9 /* Pods_EasyParking_EasyParkingUITests.framework */; };
		BAD9FD4623A43A7300A6F224 /* ParkingReceiptViewController.swift in Sources */ = {isa = PBXBuildFile; fileRef = BAD9FD4123A43A7300A6F224 /* ParkingReceiptViewController.swift */; };
		BAD9FD4723A43A7300A6F224 /* ParkingDetailViewController.swift in Sources */ = {isa = PBXBuildFile; fileRef = BAD9FD4223A43A7300A6F224 /* ParkingDetailViewController.swift */; };
		BAD9FD4823A43A7300A6F224 /* ParkingInputViewController.swift in Sources */ = {isa = PBXBuildFile; fileRef = BAD9FD4323A43A7300A6F224 /* ParkingInputViewController.swift */; };
		BAD9FD4923A43A7300A6F224 /* ParkingCell.swift in Sources */ = {isa = PBXBuildFile; fileRef = BAD9FD4423A43A7300A6F224 /* ParkingCell.swift */; };
		BAD9FD4A23A43A7300A6F224 /* ParkingTVC.swift in Sources */ = {isa = PBXBuildFile; fileRef = BAD9FD4523A43A7300A6F224 /* ParkingTVC.swift */; };
		BAD9FD4D23A43AA000A6F224 /* ParkingController.swift in Sources */ = {isa = PBXBuildFile; fileRef = BAD9FD4B23A43AA000A6F224 /* ParkingController.swift */; };
		BAD9FD4E23A43AA000A6F224 /* Parking.swift in Sources */ = {isa = PBXBuildFile; fileRef = BAD9FD4C23A43AA000A6F224 /* Parking.swift */; };
		BAD9FD5023A4605600A6F224 /* MapViewController.swift in Sources */ = {isa = PBXBuildFile; fileRef = BAD9FD4F23A4605600A6F224 /* MapViewController.swift */; };
		BAD9FD5223A4606900A6F224 /* SupportViewController.swift in Sources */ = {isa = PBXBuildFile; fileRef = BAD9FD5123A4606900A6F224 /* SupportViewController.swift */; };
		BAD9FD5423A4608500A6F224 /* Contact.swift in Sources */ = {isa = PBXBuildFile; fileRef = BAD9FD5323A4608500A6F224 /* Contact.swift */; };
		BAD9FD5623A460A800A6F224 /* IndexViewController.swift in Sources */ = {isa = PBXBuildFile; fileRef = BAD9FD5523A460A800A6F224 /* IndexViewController.swift */; };
		BAD9FD5823A462CE00A6F224 /* index.html in Resources */ = {isa = PBXBuildFile; fileRef = BAD9FD5723A462CE00A6F224 /* index.html */; };
/* End PBXBuildFile section */

/* Begin PBXContainerItemProxy section */
		08ABF1AB23788EE600CEC3D6 /* PBXContainerItemProxy */ = {
			isa = PBXContainerItemProxy;
			containerPortal = 08ABF18C23788EE400CEC3D6 /* Project object */;
			proxyType = 1;
			remoteGlobalIDString = 08ABF19323788EE400CEC3D6;
			remoteInfo = EasyParking;
		};
		08ABF1B623788EE600CEC3D6 /* PBXContainerItemProxy */ = {
			isa = PBXContainerItemProxy;
			containerPortal = 08ABF18C23788EE400CEC3D6 /* Project object */;
			proxyType = 1;
			remoteGlobalIDString = 08ABF19323788EE400CEC3D6;
			remoteInfo = EasyParking;
		};
/* End PBXContainerItemProxy section */

/* Begin PBXFileReference section */
		080ED2D9237C717B00C013C0 /* UserController.swift */ = {isa = PBXFileReference; lastKnownFileType = sourcecode.swift; path = UserController.swift; sourceTree = "<group>"; };
		080ED2DB237C834000C013C0 /* SignUpViewController.swift */ = {isa = PBXFileReference; lastKnownFileType = sourcecode.swift; path = SignUpViewController.swift; sourceTree = "<group>"; };
		0836A358237B704000776A24 /* SignInViewController.swift */ = {isa = PBXFileReference; lastKnownFileType = sourcecode.swift; path = SignInViewController.swift; sourceTree = "<group>"; };
		085B9FFC237F45E6005D948D /* User.swift */ = {isa = PBXFileReference; lastKnownFileType = sourcecode.swift; path = User.swift; sourceTree = "<group>"; };
		08ABF19423788EE400CEC3D6 /* EasyParking.app */ = {isa = PBXFileReference; explicitFileType = wrapper.application; includeInIndex = 0; path = EasyParking.app; sourceTree = BUILT_PRODUCTS_DIR; };
		08ABF19723788EE400CEC3D6 /* AppDelegate.swift */ = {isa = PBXFileReference; lastKnownFileType = sourcecode.swift; path = AppDelegate.swift; sourceTree = "<group>"; };
		08ABF19923788EE400CEC3D6 /* SceneDelegate.swift */ = {isa = PBXFileReference; lastKnownFileType = sourcecode.swift; path = SceneDelegate.swift; sourceTree = "<group>"; };
		08ABF19B23788EE400CEC3D6 /* ViewController.swift */ = {isa = PBXFileReference; lastKnownFileType = sourcecode.swift; path = ViewController.swift; sourceTree = "<group>"; };
		08ABF19E23788EE400CEC3D6 /* Base */ = {isa = PBXFileReference; lastKnownFileType = file.storyboard; name = Base; path = Base.lproj/Main.storyboard; sourceTree = "<group>"; };
		08ABF1A023788EE600CEC3D6 /* Assets.xcassets */ = {isa = PBXFileReference; lastKnownFileType = folder.assetcatalog; path = Assets.xcassets; sourceTree = "<group>"; };
		08ABF1A323788EE600CEC3D6 /* Base */ = {isa = PBXFileReference; lastKnownFileType = file.storyboard; name = Base; path = Base.lproj/LaunchScreen.storyboard; sourceTree = "<group>"; };
		08ABF1A523788EE600CEC3D6 /* Info.plist */ = {isa = PBXFileReference; lastKnownFileType = text.plist.xml; path = Info.plist; sourceTree = "<group>"; };
		08ABF1AA23788EE600CEC3D6 /* EasyParkingTests.xctest */ = {isa = PBXFileReference; explicitFileType = wrapper.cfbundle; includeInIndex = 0; path = EasyParkingTests.xctest; sourceTree = BUILT_PRODUCTS_DIR; };
		08ABF1AE23788EE600CEC3D6 /* EasyParkingTests.swift */ = {isa = PBXFileReference; lastKnownFileType = sourcecode.swift; path = EasyParkingTests.swift; sourceTree = "<group>"; };
		08ABF1B023788EE600CEC3D6 /* Info.plist */ = {isa = PBXFileReference; lastKnownFileType = text.plist.xml; path = Info.plist; sourceTree = "<group>"; };
		08ABF1B523788EE600CEC3D6 /* EasyParkingUITests.xctest */ = {isa = PBXFileReference; explicitFileType = wrapper.cfbundle; includeInIndex = 0; path = EasyParkingUITests.xctest; sourceTree = BUILT_PRODUCTS_DIR; };
		08ABF1B923788EE600CEC3D6 /* EasyParkingUITests.swift */ = {isa = PBXFileReference; lastKnownFileType = sourcecode.swift; path = EasyParkingUITests.swift; sourceTree = "<group>"; };
		08ABF1BB23788EE600CEC3D6 /* Info.plist */ = {isa = PBXFileReference; lastKnownFileType = text.plist.xml; path = Info.plist; sourceTree = "<group>"; };
		08ABF1C7237892C500CEC3D6 /* GoogleService-Info.plist */ = {isa = PBXFileReference; fileEncoding = 4; lastKnownFileType = text.plist.xml; path = "GoogleService-Info.plist"; sourceTree = "<group>"; };
		08E218B223899A8B009C5B0B /* HomePageViewController.swift */ = {isa = PBXFileReference; lastKnownFileType = sourcecode.swift; path = HomePageViewController.swift; sourceTree = "<group>"; };
		08E218B42391ABB4009C5B0B /* UserSettingsViewController.swift */ = {isa = PBXFileReference; lastKnownFileType = sourcecode.swift; path = UserSettingsViewController.swift; sourceTree = "<group>"; };
		3B4671D8ECCA34DB07CD7C79 /* Pods-EasyParking-EasyParkingUITests.debug.xcconfig */ = {isa = PBXFileReference; includeInIndex = 1; lastKnownFileType = text.xcconfig; name = "Pods-EasyParking-EasyParkingUITests.debug.xcconfig"; path = "Target Support Files/Pods-EasyParking-EasyParkingUITests/Pods-EasyParking-EasyParkingUITests.debug.xcconfig"; sourceTree = "<group>"; };
		70C511477922FA1ED8173384 /* Pods_EasyParking.framework */ = {isa = PBXFileReference; explicitFileType = wrapper.framework; includeInIndex = 0; path = Pods_EasyParking.framework; sourceTree = BUILT_PRODUCTS_DIR; };
		75D87EC04457D317C23F10B9 /* Pods_EasyParking_EasyParkingUITests.framework */ = {isa = PBXFileReference; explicitFileType = wrapper.framework; includeInIndex = 0; path = Pods_EasyParking_EasyParkingUITests.framework; sourceTree = BUILT_PRODUCTS_DIR; };
		9B73687206DB5F6A300AB0BD /* Pods-EasyParkingTests.release.xcconfig */ = {isa = PBXFileReference; includeInIndex = 1; lastKnownFileType = text.xcconfig; name = "Pods-EasyParkingTests.release.xcconfig"; path = "Target Support Files/Pods-EasyParkingTests/Pods-EasyParkingTests.release.xcconfig"; sourceTree = "<group>"; };
		ADC7968DBF16B4D2782385EB /* Pods-EasyParking-EasyParkingUITests.release.xcconfig */ = {isa = PBXFileReference; includeInIndex = 1; lastKnownFileType = text.xcconfig; name = "Pods-EasyParking-EasyParkingUITests.release.xcconfig"; path = "Target Support Files/Pods-EasyParking-EasyParkingUITests/Pods-EasyParking-EasyParkingUITests.release.xcconfig"; sourceTree = "<group>"; };
		B3FADF585A75144CE8928118 /* Pods-EasyParking.release.xcconfig */ = {isa = PBXFileReference; includeInIndex = 1; lastKnownFileType = text.xcconfig; name = "Pods-EasyParking.release.xcconfig"; path = "Target Support Files/Pods-EasyParking/Pods-EasyParking.release.xcconfig"; sourceTree = "<group>"; };
		BAD9FD4123A43A7300A6F224 /* ParkingReceiptViewController.swift */ = {isa = PBXFileReference; fileEncoding = 4; lastKnownFileType = sourcecode.swift; path = ParkingReceiptViewController.swift; sourceTree = "<group>"; };
		BAD9FD4223A43A7300A6F224 /* ParkingDetailViewController.swift */ = {isa = PBXFileReference; fileEncoding = 4; lastKnownFileType = sourcecode.swift; path = ParkingDetailViewController.swift; sourceTree = "<group>"; };
		BAD9FD4323A43A7300A6F224 /* ParkingInputViewController.swift */ = {isa = PBXFileReference; fileEncoding = 4; lastKnownFileType = sourcecode.swift; path = ParkingInputViewController.swift; sourceTree = "<group>"; };
		BAD9FD4423A43A7300A6F224 /* ParkingCell.swift */ = {isa = PBXFileReference; fileEncoding = 4; lastKnownFileType = sourcecode.swift; path = ParkingCell.swift; sourceTree = "<group>"; };
		BAD9FD4523A43A7300A6F224 /* ParkingTVC.swift */ = {isa = PBXFileReference; fileEncoding = 4; lastKnownFileType = sourcecode.swift; path = ParkingTVC.swift; sourceTree = "<group>"; };
		BAD9FD4B23A43AA000A6F224 /* ParkingController.swift */ = {isa = PBXFileReference; fileEncoding = 4; lastKnownFileType = sourcecode.swift; path = ParkingController.swift; sourceTree = "<group>"; };
		BAD9FD4C23A43AA000A6F224 /* Parking.swift */ = {isa = PBXFileReference; fileEncoding = 4; lastKnownFileType = sourcecode.swift; path = Parking.swift; sourceTree = "<group>"; };
		BAD9FD4F23A4605600A6F224 /* MapViewController.swift */ = {isa = PBXFileReference; lastKnownFileType = sourcecode.swift; path = MapViewController.swift; sourceTree = "<group>"; };
		BAD9FD5123A4606900A6F224 /* SupportViewController.swift */ = {isa = PBXFileReference; lastKnownFileType = sourcecode.swift; path = SupportViewController.swift; sourceTree = "<group>"; };
		BAD9FD5323A4608500A6F224 /* Contact.swift */ = {isa = PBXFileReference; lastKnownFileType = sourcecode.swift; path = Contact.swift; sourceTree = "<group>"; };
		BAD9FD5523A460A800A6F224 /* IndexViewController.swift */ = {isa = PBXFileReference; lastKnownFileType = sourcecode.swift; path = IndexViewController.swift; sourceTree = "<group>"; };
		BAD9FD5723A462CE00A6F224 /* index.html */ = {isa = PBXFileReference; lastKnownFileType = text.html; path = index.html; sourceTree = "<group>"; };
		F815EEDFFF78B95C1F671D6B /* Pods_EasyParkingTests.framework */ = {isa = PBXFileReference; explicitFileType = wrapper.framework; includeInIndex = 0; path = Pods_EasyParkingTests.framework; sourceTree = BUILT_PRODUCTS_DIR; };
		F9CD5AA95483A06113C84210 /* Pods-EasyParking.debug.xcconfig */ = {isa = PBXFileReference; includeInIndex = 1; lastKnownFileType = text.xcconfig; name = "Pods-EasyParking.debug.xcconfig"; path = "Target Support Files/Pods-EasyParking/Pods-EasyParking.debug.xcconfig"; sourceTree = "<group>"; };
		FC55C662DA1202F96D7AFF4F /* Pods-EasyParkingTests.debug.xcconfig */ = {isa = PBXFileReference; includeInIndex = 1; lastKnownFileType = text.xcconfig; name = "Pods-EasyParkingTests.debug.xcconfig"; path = "Target Support Files/Pods-EasyParkingTests/Pods-EasyParkingTests.debug.xcconfig"; sourceTree = "<group>"; };
/* End PBXFileReference section */

/* Begin PBXFrameworksBuildPhase section */
		08ABF19123788EE400CEC3D6 /* Frameworks */ = {
			isa = PBXFrameworksBuildPhase;
			buildActionMask = 2147483647;
			files = (
				766986A7D23EC0138353FE0B /* Pods_EasyParking.framework in Frameworks */,
			);
			runOnlyForDeploymentPostprocessing = 0;
		};
		08ABF1A723788EE600CEC3D6 /* Frameworks */ = {
			isa = PBXFrameworksBuildPhase;
			buildActionMask = 2147483647;
			files = (
				76E5F180363C019FA048B836 /* Pods_EasyParkingTests.framework in Frameworks */,
			);
			runOnlyForDeploymentPostprocessing = 0;
		};
		08ABF1B223788EE600CEC3D6 /* Frameworks */ = {
			isa = PBXFrameworksBuildPhase;
			buildActionMask = 2147483647;
			files = (
				A1B80378D3562DE0F8DF639F /* Pods_EasyParking_EasyParkingUITests.framework in Frameworks */,
			);
			runOnlyForDeploymentPostprocessing = 0;
		};
/* End PBXFrameworksBuildPhase section */

/* Begin PBXGroup section */
		0836A35A237B7BD600776A24 /* model */ = {
			isa = PBXGroup;
			children = (
				BAD9FD4C23A43AA000A6F224 /* Parking.swift */,
				085B9FFC237F45E6005D948D /* User.swift */,
				BAD9FD5323A4608500A6F224 /* Contact.swift */,
			);
			path = model;
			sourceTree = "<group>";
		};
		0836A35C237B7BE900776A24 /* view */ = {
			isa = PBXGroup;
			children = (
				BAD9FD4423A43A7300A6F224 /* ParkingCell.swift */,
				BAD9FD4223A43A7300A6F224 /* ParkingDetailViewController.swift */,
				BAD9FD4323A43A7300A6F224 /* ParkingInputViewController.swift */,
				BAD9FD4123A43A7300A6F224 /* ParkingReceiptViewController.swift */,
				BAD9FD4523A43A7300A6F224 /* ParkingTVC.swift */,
				08ABF19B23788EE400CEC3D6 /* ViewController.swift */,
				0836A358237B704000776A24 /* SignInViewController.swift */,
				080ED2DB237C834000C013C0 /* SignUpViewController.swift */,
				08E218B223899A8B009C5B0B /* HomePageViewController.swift */,
				08E218B42391ABB4009C5B0B /* UserSettingsViewController.swift */,
				BAD9FD4F23A4605600A6F224 /* MapViewController.swift */,
				BAD9FD5123A4606900A6F224 /* SupportViewController.swift */,
				BAD9FD5523A460A800A6F224 /* IndexViewController.swift */,
			);
			path = view;
			sourceTree = "<group>";
		};
		0836A35D237B7BF000776A24 /* controller */ = {
			isa = PBXGroup;
			children = (
				BAD9FD4B23A43AA000A6F224 /* ParkingController.swift */,
				080ED2D9237C717B00C013C0 /* UserController.swift */,
			);
			path = controller;
			sourceTree = "<group>";
		};
		08ABF18B23788EE400CEC3D6 = {
			isa = PBXGroup;
			children = (
				08ABF19623788EE400CEC3D6 /* EasyParking */,
				08ABF1AD23788EE600CEC3D6 /* EasyParkingTests */,
				08ABF1B823788EE600CEC3D6 /* EasyParkingUITests */,
				08ABF19523788EE400CEC3D6 /* Products */,
				3C9DE82C773039F257E2820E /* Pods */,
				CF9E0794C0EADCC3FCFF3B67 /* Frameworks */,
			);
			sourceTree = "<group>";
		};
		08ABF19523788EE400CEC3D6 /* Products */ = {
			isa = PBXGroup;
			children = (
				08ABF19423788EE400CEC3D6 /* EasyParking.app */,
				08ABF1AA23788EE600CEC3D6 /* EasyParkingTests.xctest */,
				08ABF1B523788EE600CEC3D6 /* EasyParkingUITests.xctest */,
			);
			name = Products;
			sourceTree = "<group>";
		};
		08ABF19623788EE400CEC3D6 /* EasyParking */ = {
			isa = PBXGroup;
			children = (
				0836A35D237B7BF000776A24 /* controller */,
				0836A35C237B7BE900776A24 /* view */,
				0836A35A237B7BD600776A24 /* model */,
				08ABF1C7237892C500CEC3D6 /* GoogleService-Info.plist */,
				08ABF19723788EE400CEC3D6 /* AppDelegate.swift */,
				08ABF19923788EE400CEC3D6 /* SceneDelegate.swift */,
				08ABF19D23788EE400CEC3D6 /* Main.storyboard */,
				08ABF1A023788EE600CEC3D6 /* Assets.xcassets */,
				08ABF1A223788EE600CEC3D6 /* LaunchScreen.storyboard */,
				08ABF1A523788EE600CEC3D6 /* Info.plist */,
				BAD9FD5723A462CE00A6F224 /* index.html */,
			);
			path = EasyParking;
			sourceTree = "<group>";
		};
		08ABF1AD23788EE600CEC3D6 /* EasyParkingTests */ = {
			isa = PBXGroup;
			children = (
				08ABF1AE23788EE600CEC3D6 /* EasyParkingTests.swift */,
				08ABF1B023788EE600CEC3D6 /* Info.plist */,
			);
			path = EasyParkingTests;
			sourceTree = "<group>";
		};
		08ABF1B823788EE600CEC3D6 /* EasyParkingUITests */ = {
			isa = PBXGroup;
			children = (
				08ABF1B923788EE600CEC3D6 /* EasyParkingUITests.swift */,
				08ABF1BB23788EE600CEC3D6 /* Info.plist */,
			);
			path = EasyParkingUITests;
			sourceTree = "<group>";
		};
		3C9DE82C773039F257E2820E /* Pods */ = {
			isa = PBXGroup;
			children = (
				F9CD5AA95483A06113C84210 /* Pods-EasyParking.debug.xcconfig */,
				B3FADF585A75144CE8928118 /* Pods-EasyParking.release.xcconfig */,
				3B4671D8ECCA34DB07CD7C79 /* Pods-EasyParking-EasyParkingUITests.debug.xcconfig */,
				ADC7968DBF16B4D2782385EB /* Pods-EasyParking-EasyParkingUITests.release.xcconfig */,
				FC55C662DA1202F96D7AFF4F /* Pods-EasyParkingTests.debug.xcconfig */,
				9B73687206DB5F6A300AB0BD /* Pods-EasyParkingTests.release.xcconfig */,
			);
			path = Pods;
			sourceTree = "<group>";
		};
		CF9E0794C0EADCC3FCFF3B67 /* Frameworks */ = {
			isa = PBXGroup;
			children = (
				70C511477922FA1ED8173384 /* Pods_EasyParking.framework */,
				75D87EC04457D317C23F10B9 /* Pods_EasyParking_EasyParkingUITests.framework */,
				F815EEDFFF78B95C1F671D6B /* Pods_EasyParkingTests.framework */,
			);
			name = Frameworks;
			sourceTree = "<group>";
		};
/* End PBXGroup section */

/* Begin PBXNativeTarget section */
		08ABF19323788EE400CEC3D6 /* EasyParking */ = {
			isa = PBXNativeTarget;
			buildConfigurationList = 08ABF1BE23788EE600CEC3D6 /* Build configuration list for PBXNativeTarget "EasyParking" */;
			buildPhases = (
				F47705525B95B1C3D96D5AB1 /* [CP] Check Pods Manifest.lock */,
				08ABF19023788EE400CEC3D6 /* Sources */,
				08ABF19123788EE400CEC3D6 /* Frameworks */,
				08ABF19223788EE400CEC3D6 /* Resources */,
				B1F77A096DA5B369DE65EB3F /* [CP] Embed Pods Frameworks */,
			);
			buildRules = (
			);
			dependencies = (
			);
			name = EasyParking;
			productName = EasyParking;
			productReference = 08ABF19423788EE400CEC3D6 /* EasyParking.app */;
			productType = "com.apple.product-type.application";
		};
		08ABF1A923788EE600CEC3D6 /* EasyParkingTests */ = {
			isa = PBXNativeTarget;
			buildConfigurationList = 08ABF1C123788EE600CEC3D6 /* Build configuration list for PBXNativeTarget "EasyParkingTests" */;
			buildPhases = (
				7CE81CF0773F057EAB435F0A /* [CP] Check Pods Manifest.lock */,
				08ABF1A623788EE600CEC3D6 /* Sources */,
				08ABF1A723788EE600CEC3D6 /* Frameworks */,
				08ABF1A823788EE600CEC3D6 /* Resources */,
			);
			buildRules = (
			);
			dependencies = (
				08ABF1AC23788EE600CEC3D6 /* PBXTargetDependency */,
			);
			name = EasyParkingTests;
			productName = EasyParkingTests;
			productReference = 08ABF1AA23788EE600CEC3D6 /* EasyParkingTests.xctest */;
			productType = "com.apple.product-type.bundle.unit-test";
		};
		08ABF1B423788EE600CEC3D6 /* EasyParkingUITests */ = {
			isa = PBXNativeTarget;
			buildConfigurationList = 08ABF1C423788EE600CEC3D6 /* Build configuration list for PBXNativeTarget "EasyParkingUITests" */;
			buildPhases = (
				E9C2D687FCEDB1581EC965E4 /* [CP] Check Pods Manifest.lock */,
				08ABF1B123788EE600CEC3D6 /* Sources */,
				08ABF1B223788EE600CEC3D6 /* Frameworks */,
				08ABF1B323788EE600CEC3D6 /* Resources */,
				39FAB7BB29A5CC10067D2F6A /* [CP] Embed Pods Frameworks */,
			);
			buildRules = (
			);
			dependencies = (
				08ABF1B723788EE600CEC3D6 /* PBXTargetDependency */,
			);
			name = EasyParkingUITests;
			productName = EasyParkingUITests;
			productReference = 08ABF1B523788EE600CEC3D6 /* EasyParkingUITests.xctest */;
			productType = "com.apple.product-type.bundle.ui-testing";
		};
/* End PBXNativeTarget section */

/* Begin PBXProject section */
		08ABF18C23788EE400CEC3D6 /* Project object */ = {
			isa = PBXProject;
			attributes = {
				LastSwiftUpdateCheck = 1110;
				LastUpgradeCheck = 1110;
				ORGANIZATIONNAME = "The Coders";
				TargetAttributes = {
					08ABF19323788EE400CEC3D6 = {
						CreatedOnToolsVersion = 11.1;
					};
					08ABF1A923788EE600CEC3D6 = {
						CreatedOnToolsVersion = 11.1;
						TestTargetID = 08ABF19323788EE400CEC3D6;
					};
					08ABF1B423788EE600CEC3D6 = {
						CreatedOnToolsVersion = 11.1;
						TestTargetID = 08ABF19323788EE400CEC3D6;
					};
				};
			};
			buildConfigurationList = 08ABF18F23788EE400CEC3D6 /* Build configuration list for PBXProject "EasyParking" */;
			compatibilityVersion = "Xcode 9.3";
			developmentRegion = en;
			hasScannedForEncodings = 0;
			knownRegions = (
				en,
				Base,
			);
			mainGroup = 08ABF18B23788EE400CEC3D6;
			productRefGroup = 08ABF19523788EE400CEC3D6 /* Products */;
			projectDirPath = "";
			projectRoot = "";
			targets = (
				08ABF19323788EE400CEC3D6 /* EasyParking */,
				08ABF1A923788EE600CEC3D6 /* EasyParkingTests */,
				08ABF1B423788EE600CEC3D6 /* EasyParkingUITests */,
			);
		};
/* End PBXProject section */

/* Begin PBXResourcesBuildPhase section */
		08ABF19223788EE400CEC3D6 /* Resources */ = {
			isa = PBXResourcesBuildPhase;
			buildActionMask = 2147483647;
			files = (
				BAD9FD5823A462CE00A6F224 /* index.html in Resources */,
				08ABF1A423788EE600CEC3D6 /* LaunchScreen.storyboard in Resources */,
				08ABF1C8237892C500CEC3D6 /* GoogleService-Info.plist in Resources */,
				08ABF1A123788EE600CEC3D6 /* Assets.xcassets in Resources */,
				08ABF19F23788EE400CEC3D6 /* Main.storyboard in Resources */,
			);
			runOnlyForDeploymentPostprocessing = 0;
		};
		08ABF1A823788EE600CEC3D6 /* Resources */ = {
			isa = PBXResourcesBuildPhase;
			buildActionMask = 2147483647;
			files = (
			);
			runOnlyForDeploymentPostprocessing = 0;
		};
		08ABF1B323788EE600CEC3D6 /* Resources */ = {
			isa = PBXResourcesBuildPhase;
			buildActionMask = 2147483647;
			files = (
			);
			runOnlyForDeploymentPostprocessing = 0;
		};
/* End PBXResourcesBuildPhase section */

/* Begin PBXShellScriptBuildPhase section */
		39FAB7BB29A5CC10067D2F6A /* [CP] Embed Pods Frameworks */ = {
			isa = PBXShellScriptBuildPhase;
			buildActionMask = 2147483647;
			files = (
			);
			inputFileListPaths = (
				"${PODS_ROOT}/Target Support Files/Pods-EasyParking-EasyParkingUITests/Pods-EasyParking-EasyParkingUITests-frameworks-${CONFIGURATION}-input-files.xcfilelist",
			);
			name = "[CP] Embed Pods Frameworks";
			outputFileListPaths = (
				"${PODS_ROOT}/Target Support Files/Pods-EasyParking-EasyParkingUITests/Pods-EasyParking-EasyParkingUITests-frameworks-${CONFIGURATION}-output-files.xcfilelist",
			);
			runOnlyForDeploymentPostprocessing = 0;
			shellPath = /bin/sh;
			shellScript = "\"${PODS_ROOT}/Target Support Files/Pods-EasyParking-EasyParkingUITests/Pods-EasyParking-EasyParkingUITests-frameworks.sh\"\n";
			showEnvVarsInLog = 0;
		};
		7CE81CF0773F057EAB435F0A /* [CP] Check Pods Manifest.lock */ = {
			isa = PBXShellScriptBuildPhase;
			buildActionMask = 2147483647;
			files = (
			);
			inputFileListPaths = (
			);
			inputPaths = (
				"${PODS_PODFILE_DIR_PATH}/Podfile.lock",
				"${PODS_ROOT}/Manifest.lock",
			);
			name = "[CP] Check Pods Manifest.lock";
			outputFileListPaths = (
			);
			outputPaths = (
				"$(DERIVED_FILE_DIR)/Pods-EasyParkingTests-checkManifestLockResult.txt",
			);
			runOnlyForDeploymentPostprocessing = 0;
			shellPath = /bin/sh;
			shellScript = "diff \"${PODS_PODFILE_DIR_PATH}/Podfile.lock\" \"${PODS_ROOT}/Manifest.lock\" > /dev/null\nif [ $? != 0 ] ; then\n    # print error to STDERR\n    echo \"error: The sandbox is not in sync with the Podfile.lock. Run 'pod install' or update your CocoaPods installation.\" >&2\n    exit 1\nfi\n# This output is used by Xcode 'outputs' to avoid re-running this script phase.\necho \"SUCCESS\" > \"${SCRIPT_OUTPUT_FILE_0}\"\n";
			showEnvVarsInLog = 0;
		};
		B1F77A096DA5B369DE65EB3F /* [CP] Embed Pods Frameworks */ = {
			isa = PBXShellScriptBuildPhase;
			buildActionMask = 2147483647;
			files = (
			);
			inputFileListPaths = (
				"${PODS_ROOT}/Target Support Files/Pods-EasyParking/Pods-EasyParking-frameworks-${CONFIGURATION}-input-files.xcfilelist",
			);
			name = "[CP] Embed Pods Frameworks";
			outputFileListPaths = (
				"${PODS_ROOT}/Target Support Files/Pods-EasyParking/Pods-EasyParking-frameworks-${CONFIGURATION}-output-files.xcfilelist",
			);
			runOnlyForDeploymentPostprocessing = 0;
			shellPath = /bin/sh;
			shellScript = "\"${PODS_ROOT}/Target Support Files/Pods-EasyParking/Pods-EasyParking-frameworks.sh\"\n";
			showEnvVarsInLog = 0;
		};
		E9C2D687FCEDB1581EC965E4 /* [CP] Check Pods Manifest.lock */ = {
			isa = PBXShellScriptBuildPhase;
			buildActionMask = 2147483647;
			files = (
			);
			inputFileListPaths = (
			);
			inputPaths = (
				"${PODS_PODFILE_DIR_PATH}/Podfile.lock",
				"${PODS_ROOT}/Manifest.lock",
			);
			name = "[CP] Check Pods Manifest.lock";
			outputFileListPaths = (
			);
			outputPaths = (
				"$(DERIVED_FILE_DIR)/Pods-EasyParking-EasyParkingUITests-checkManifestLockResult.txt",
			);
			runOnlyForDeploymentPostprocessing = 0;
			shellPath = /bin/sh;
			shellScript = "diff \"${PODS_PODFILE_DIR_PATH}/Podfile.lock\" \"${PODS_ROOT}/Manifest.lock\" > /dev/null\nif [ $? != 0 ] ; then\n    # print error to STDERR\n    echo \"error: The sandbox is not in sync with the Podfile.lock. Run 'pod install' or update your CocoaPods installation.\" >&2\n    exit 1\nfi\n# This output is used by Xcode 'outputs' to avoid re-running this script phase.\necho \"SUCCESS\" > \"${SCRIPT_OUTPUT_FILE_0}\"\n";
			showEnvVarsInLog = 0;
		};
		F47705525B95B1C3D96D5AB1 /* [CP] Check Pods Manifest.lock */ = {
			isa = PBXShellScriptBuildPhase;
			buildActionMask = 2147483647;
			files = (
			);
			inputFileListPaths = (
			);
			inputPaths = (
				"${PODS_PODFILE_DIR_PATH}/Podfile.lock",
				"${PODS_ROOT}/Manifest.lock",
			);
			name = "[CP] Check Pods Manifest.lock";
			outputFileListPaths = (
			);
			outputPaths = (
				"$(DERIVED_FILE_DIR)/Pods-EasyParking-checkManifestLockResult.txt",
			);
			runOnlyForDeploymentPostprocessing = 0;
			shellPath = /bin/sh;
			shellScript = "diff \"${PODS_PODFILE_DIR_PATH}/Podfile.lock\" \"${PODS_ROOT}/Manifest.lock\" > /dev/null\nif [ $? != 0 ] ; then\n    # print error to STDERR\n    echo \"error: The sandbox is not in sync with the Podfile.lock. Run 'pod install' or update your CocoaPods installation.\" >&2\n    exit 1\nfi\n# This output is used by Xcode 'outputs' to avoid re-running this script phase.\necho \"SUCCESS\" > \"${SCRIPT_OUTPUT_FILE_0}\"\n";
			showEnvVarsInLog = 0;
		};
/* End PBXShellScriptBuildPhase section */

/* Begin PBXSourcesBuildPhase section */
		08ABF19023788EE400CEC3D6 /* Sources */ = {
			isa = PBXSourcesBuildPhase;
			buildActionMask = 2147483647;
			files = (
				BAD9FD4723A43A7300A6F224 /* ParkingDetailViewController.swift in Sources */,
				BAD9FD5423A4608500A6F224 /* Contact.swift in Sources */,
				BAD9FD4623A43A7300A6F224 /* ParkingReceiptViewController.swift in Sources */,
				BAD9FD4A23A43A7300A6F224 /* ParkingTVC.swift in Sources */,
				080ED2DC237C834000C013C0 /* SignUpViewController.swift in Sources */,
				BAD9FD4E23A43AA000A6F224 /* Parking.swift in Sources */,
				0836A359237B704000776A24 /* SignInViewController.swift in Sources */,
				08ABF19C23788EE400CEC3D6 /* ViewController.swift in Sources */,
				080ED2DA237C717B00C013C0 /* UserController.swift in Sources */,
				08E218B52391ABB4009C5B0B /* UserSettingsViewController.swift in Sources */,
				BAD9FD4D23A43AA000A6F224 /* ParkingController.swift in Sources */,
				08E218B323899A8B009C5B0B /* HomePageViewController.swift in Sources */,
				BAD9FD4823A43A7300A6F224 /* ParkingInputViewController.swift in Sources */,
				08ABF19823788EE400CEC3D6 /* AppDelegate.swift in Sources */,
				08ABF19A23788EE400CEC3D6 /* SceneDelegate.swift in Sources */,
				BAD9FD5223A4606900A6F224 /* SupportViewController.swift in Sources */,
				085B9FFD237F45E6005D948D /* User.swift in Sources */,
				BAD9FD4923A43A7300A6F224 /* ParkingCell.swift in Sources */,
				BAD9FD5023A4605600A6F224 /* MapViewController.swift in Sources */,
				BAD9FD5623A460A800A6F224 /* IndexViewController.swift in Sources */,
			);
			runOnlyForDeploymentPostprocessing = 0;
		};
		08ABF1A623788EE600CEC3D6 /* Sources */ = {
			isa = PBXSourcesBuildPhase;
			buildActionMask = 2147483647;
			files = (
				08ABF1AF23788EE600CEC3D6 /* EasyParkingTests.swift in Sources */,
			);
			runOnlyForDeploymentPostprocessing = 0;
		};
		08ABF1B123788EE600CEC3D6 /* Sources */ = {
			isa = PBXSourcesBuildPhase;
			buildActionMask = 2147483647;
			files = (
				08ABF1BA23788EE600CEC3D6 /* EasyParkingUITests.swift in Sources */,
			);
			runOnlyForDeploymentPostprocessing = 0;
		};
/* End PBXSourcesBuildPhase section */

/* Begin PBXTargetDependency section */
		08ABF1AC23788EE600CEC3D6 /* PBXTargetDependency */ = {
			isa = PBXTargetDependency;
			target = 08ABF19323788EE400CEC3D6 /* EasyParking */;
			targetProxy = 08ABF1AB23788EE600CEC3D6 /* PBXContainerItemProxy */;
		};
		08ABF1B723788EE600CEC3D6 /* PBXTargetDependency */ = {
			isa = PBXTargetDependency;
			target = 08ABF19323788EE400CEC3D6 /* EasyParking */;
			targetProxy = 08ABF1B623788EE600CEC3D6 /* PBXContainerItemProxy */;
		};
/* End PBXTargetDependency section */

/* Begin PBXVariantGroup section */
		08ABF19D23788EE400CEC3D6 /* Main.storyboard */ = {
			isa = PBXVariantGroup;
			children = (
				08ABF19E23788EE400CEC3D6 /* Base */,
			);
			name = Main.storyboard;
			sourceTree = "<group>";
		};
		08ABF1A223788EE600CEC3D6 /* LaunchScreen.storyboard */ = {
			isa = PBXVariantGroup;
			children = (
				08ABF1A323788EE600CEC3D6 /* Base */,
			);
			name = LaunchScreen.storyboard;
			sourceTree = "<group>";
		};
/* End PBXVariantGroup section */

/* Begin XCBuildConfiguration section */
		08ABF1BC23788EE600CEC3D6 /* Debug */ = {
			isa = XCBuildConfiguration;
			buildSettings = {
				ALWAYS_SEARCH_USER_PATHS = NO;
				CLANG_ANALYZER_NONNULL = YES;
				CLANG_ANALYZER_NUMBER_OBJECT_CONVERSION = YES_AGGRESSIVE;
				CLANG_CXX_LANGUAGE_STANDARD = "gnu++14";
				CLANG_CXX_LIBRARY = "libc++";
				CLANG_ENABLE_MODULES = YES;
				CLANG_ENABLE_OBJC_ARC = YES;
				CLANG_ENABLE_OBJC_WEAK = YES;
				CLANG_WARN_BLOCK_CAPTURE_AUTORELEASING = YES;
				CLANG_WARN_BOOL_CONVERSION = YES;
				CLANG_WARN_COMMA = YES;
				CLANG_WARN_CONSTANT_CONVERSION = YES;
				CLANG_WARN_DEPRECATED_OBJC_IMPLEMENTATIONS = YES;
				CLANG_WARN_DIRECT_OBJC_ISA_USAGE = YES_ERROR;
				CLANG_WARN_DOCUMENTATION_COMMENTS = YES;
				CLANG_WARN_EMPTY_BODY = YES;
				CLANG_WARN_ENUM_CONVERSION = YES;
				CLANG_WARN_INFINITE_RECURSION = YES;
				CLANG_WARN_INT_CONVERSION = YES;
				CLANG_WARN_NON_LITERAL_NULL_CONVERSION = YES;
				CLANG_WARN_OBJC_IMPLICIT_RETAIN_SELF = YES;
				CLANG_WARN_OBJC_LITERAL_CONVERSION = YES;
				CLANG_WARN_OBJC_ROOT_CLASS = YES_ERROR;
				CLANG_WARN_RANGE_LOOP_ANALYSIS = YES;
				CLANG_WARN_STRICT_PROTOTYPES = YES;
				CLANG_WARN_SUSPICIOUS_MOVE = YES;
				CLANG_WARN_UNGUARDED_AVAILABILITY = YES_AGGRESSIVE;
				CLANG_WARN_UNREACHABLE_CODE = YES;
				CLANG_WARN__DUPLICATE_METHOD_MATCH = YES;
				COPY_PHASE_STRIP = NO;
				DEBUG_INFORMATION_FORMAT = dwarf;
				ENABLE_STRICT_OBJC_MSGSEND = YES;
				ENABLE_TESTABILITY = YES;
				GCC_C_LANGUAGE_STANDARD = gnu11;
				GCC_DYNAMIC_NO_PIC = NO;
				GCC_NO_COMMON_BLOCKS = YES;
				GCC_OPTIMIZATION_LEVEL = 0;
				GCC_PREPROCESSOR_DEFINITIONS = (
					"DEBUG=1",
					"$(inherited)",
				);
				GCC_WARN_64_TO_32_BIT_CONVERSION = YES;
				GCC_WARN_ABOUT_RETURN_TYPE = YES_ERROR;
				GCC_WARN_UNDECLARED_SELECTOR = YES;
				GCC_WARN_UNINITIALIZED_AUTOS = YES_AGGRESSIVE;
				GCC_WARN_UNUSED_FUNCTION = YES;
				GCC_WARN_UNUSED_VARIABLE = YES;
				IPHONEOS_DEPLOYMENT_TARGET = 13.1;
				MTL_ENABLE_DEBUG_INFO = INCLUDE_SOURCE;
				MTL_FAST_MATH = YES;
				ONLY_ACTIVE_ARCH = YES;
				SDKROOT = iphoneos;
				SWIFT_ACTIVE_COMPILATION_CONDITIONS = DEBUG;
				SWIFT_OPTIMIZATION_LEVEL = "-Onone";
			};
			name = Debug;
		};
		08ABF1BD23788EE600CEC3D6 /* Release */ = {
			isa = XCBuildConfiguration;
			buildSettings = {
				ALWAYS_SEARCH_USER_PATHS = NO;
				CLANG_ANALYZER_NONNULL = YES;
				CLANG_ANALYZER_NUMBER_OBJECT_CONVERSION = YES_AGGRESSIVE;
				CLANG_CXX_LANGUAGE_STANDARD = "gnu++14";
				CLANG_CXX_LIBRARY = "libc++";
				CLANG_ENABLE_MODULES = YES;
				CLANG_ENABLE_OBJC_ARC = YES;
				CLANG_ENABLE_OBJC_WEAK = YES;
				CLANG_WARN_BLOCK_CAPTURE_AUTORELEASING = YES;
				CLANG_WARN_BOOL_CONVERSION = YES;
				CLANG_WARN_COMMA = YES;
				CLANG_WARN_CONSTANT_CONVERSION = YES;
				CLANG_WARN_DEPRECATED_OBJC_IMPLEMENTATIONS = YES;
				CLANG_WARN_DIRECT_OBJC_ISA_USAGE = YES_ERROR;
				CLANG_WARN_DOCUMENTATION_COMMENTS = YES;
				CLANG_WARN_EMPTY_BODY = YES;
				CLANG_WARN_ENUM_CONVERSION = YES;
				CLANG_WARN_INFINITE_RECURSION = YES;
				CLANG_WARN_INT_CONVERSION = YES;
				CLANG_WARN_NON_LITERAL_NULL_CONVERSION = YES;
				CLANG_WARN_OBJC_IMPLICIT_RETAIN_SELF = YES;
				CLANG_WARN_OBJC_LITERAL_CONVERSION = YES;
				CLANG_WARN_OBJC_ROOT_CLASS = YES_ERROR;
				CLANG_WARN_RANGE_LOOP_ANALYSIS = YES;
				CLANG_WARN_STRICT_PROTOTYPES = YES;
				CLANG_WARN_SUSPICIOUS_MOVE = YES;
				CLANG_WARN_UNGUARDED_AVAILABILITY = YES_AGGRESSIVE;
				CLANG_WARN_UNREACHABLE_CODE = YES;
				CLANG_WARN__DUPLICATE_METHOD_MATCH = YES;
				COPY_PHASE_STRIP = NO;
				DEBUG_INFORMATION_FORMAT = "dwarf-with-dsym";
				ENABLE_NS_ASSERTIONS = NO;
				ENABLE_STRICT_OBJC_MSGSEND = YES;
				GCC_C_LANGUAGE_STANDARD = gnu11;
				GCC_NO_COMMON_BLOCKS = YES;
				GCC_WARN_64_TO_32_BIT_CONVERSION = YES;
				GCC_WARN_ABOUT_RETURN_TYPE = YES_ERROR;
				GCC_WARN_UNDECLARED_SELECTOR = YES;
				GCC_WARN_UNINITIALIZED_AUTOS = YES_AGGRESSIVE;
				GCC_WARN_UNUSED_FUNCTION = YES;
				GCC_WARN_UNUSED_VARIABLE = YES;
				IPHONEOS_DEPLOYMENT_TARGET = 13.1;
				MTL_ENABLE_DEBUG_INFO = NO;
				MTL_FAST_MATH = YES;
				SDKROOT = iphoneos;
				SWIFT_COMPILATION_MODE = wholemodule;
				SWIFT_OPTIMIZATION_LEVEL = "-O";
				VALIDATE_PRODUCT = YES;
			};
			name = Release;
		};
		08ABF1BF23788EE600CEC3D6 /* Debug */ = {
			isa = XCBuildConfiguration;
			baseConfigurationReference = F9CD5AA95483A06113C84210 /* Pods-EasyParking.debug.xcconfig */;
			buildSettings = {
				ASSETCATALOG_COMPILER_APPICON_NAME = AppIcon;
				CODE_SIGN_STYLE = Automatic;
				DEVELOPMENT_TEAM = MTVB5786Q4;
				INFOPLIST_FILE = EasyParking/Info.plist;
				LD_RUNPATH_SEARCH_PATHS = (
					"$(inherited)",
					"@executable_path/Frameworks",
				);
				PRODUCT_BUNDLE_IDENTIFIER = TC.EasyParking;
				PRODUCT_NAME = "$(TARGET_NAME)";
				SWIFT_VERSION = 5.0;
				TARGETED_DEVICE_FAMILY = "1,2";
			};
			name = Debug;
		};
		08ABF1C023788EE600CEC3D6 /* Release */ = {
			isa = XCBuildConfiguration;
			baseConfigurationReference = B3FADF585A75144CE8928118 /* Pods-EasyParking.release.xcconfig */;
			buildSettings = {
				ASSETCATALOG_COMPILER_APPICON_NAME = AppIcon;
				CODE_SIGN_STYLE = Automatic;
				DEVELOPMENT_TEAM = MTVB5786Q4;
				INFOPLIST_FILE = EasyParking/Info.plist;
				LD_RUNPATH_SEARCH_PATHS = (
					"$(inherited)",
					"@executable_path/Frameworks",
				);
				PRODUCT_BUNDLE_IDENTIFIER = TC.EasyParking;
				PRODUCT_NAME = "$(TARGET_NAME)";
				SWIFT_VERSION = 5.0;
				TARGETED_DEVICE_FAMILY = "1,2";
			};
			name = Release;
		};
		08ABF1C223788EE600CEC3D6 /* Debug */ = {
			isa = XCBuildConfiguration;
			baseConfigurationReference = FC55C662DA1202F96D7AFF4F /* Pods-EasyParkingTests.debug.xcconfig */;
			buildSettings = {
				ALWAYS_EMBED_SWIFT_STANDARD_LIBRARIES = YES;
				BUNDLE_LOADER = "$(TEST_HOST)";
				CODE_SIGN_STYLE = Automatic;
				DEVELOPMENT_TEAM = MTVB5786Q4;
				INFOPLIST_FILE = EasyParkingTests/Info.plist;
				IPHONEOS_DEPLOYMENT_TARGET = 13.1;
				LD_RUNPATH_SEARCH_PATHS = (
					"$(inherited)",
					"@executable_path/Frameworks",
					"@loader_path/Frameworks",
				);
				PRODUCT_BUNDLE_IDENTIFIER = TC.EasyParkingTests;
				PRODUCT_NAME = "$(TARGET_NAME)";
				SWIFT_VERSION = 5.0;
				TARGETED_DEVICE_FAMILY = "1,2";
				TEST_HOST = "$(BUILT_PRODUCTS_DIR)/EasyParking.app/EasyParking";
			};
			name = Debug;
		};
		08ABF1C323788EE600CEC3D6 /* Release */ = {
			isa = XCBuildConfiguration;
			baseConfigurationReference = 9B73687206DB5F6A300AB0BD /* Pods-EasyParkingTests.release.xcconfig */;
			buildSettings = {
				ALWAYS_EMBED_SWIFT_STANDARD_LIBRARIES = YES;
				BUNDLE_LOADER = "$(TEST_HOST)";
				CODE_SIGN_STYLE = Automatic;
				DEVELOPMENT_TEAM = MTVB5786Q4;
				INFOPLIST_FILE = EasyParkingTests/Info.plist;
				IPHONEOS_DEPLOYMENT_TARGET = 13.1;
				LD_RUNPATH_SEARCH_PATHS = (
					"$(inherited)",
					"@executable_path/Frameworks",
					"@loader_path/Frameworks",
				);
				PRODUCT_BUNDLE_IDENTIFIER = TC.EasyParkingTests;
				PRODUCT_NAME = "$(TARGET_NAME)";
				SWIFT_VERSION = 5.0;
				TARGETED_DEVICE_FAMILY = "1,2";
				TEST_HOST = "$(BUILT_PRODUCTS_DIR)/EasyParking.app/EasyParking";
			};
			name = Release;
		};
		08ABF1C523788EE600CEC3D6 /* Debug */ = {
			isa = XCBuildConfiguration;
			baseConfigurationReference = 3B4671D8ECCA34DB07CD7C79 /* Pods-EasyParking-EasyParkingUITests.debug.xcconfig */;
			buildSettings = {
				ALWAYS_EMBED_SWIFT_STANDARD_LIBRARIES = YES;
				CODE_SIGN_STYLE = Automatic;
				DEVELOPMENT_TEAM = MTVB5786Q4;
				INFOPLIST_FILE = EasyParkingUITests/Info.plist;
				LD_RUNPATH_SEARCH_PATHS = (
					"$(inherited)",
					"@executable_path/Frameworks",
					"@loader_path/Frameworks",
				);
				PRODUCT_BUNDLE_IDENTIFIER = TC.EasyParkingUITests;
				PRODUCT_NAME = "$(TARGET_NAME)";
				SWIFT_VERSION = 5.0;
				TARGETED_DEVICE_FAMILY = "1,2";
				TEST_TARGET_NAME = EasyParking;
			};
			name = Debug;
		};
		08ABF1C623788EE600CEC3D6 /* Release */ = {
			isa = XCBuildConfiguration;
			baseConfigurationReference = ADC7968DBF16B4D2782385EB /* Pods-EasyParking-EasyParkingUITests.release.xcconfig */;
			buildSettings = {
				ALWAYS_EMBED_SWIFT_STANDARD_LIBRARIES = YES;
				CODE_SIGN_STYLE = Automatic;
				DEVELOPMENT_TEAM = MTVB5786Q4;
				INFOPLIST_FILE = EasyParkingUITests/Info.plist;
				LD_RUNPATH_SEARCH_PATHS = (
					"$(inherited)",
					"@executable_path/Frameworks",
					"@loader_path/Frameworks",
				);
				PRODUCT_BUNDLE_IDENTIFIER = TC.EasyParkingUITests;
				PRODUCT_NAME = "$(TARGET_NAME)";
				SWIFT_VERSION = 5.0;
				TARGETED_DEVICE_FAMILY = "1,2";
				TEST_TARGET_NAME = EasyParking;
			};
			name = Release;
		};
/* End XCBuildConfiguration section */

/* Begin XCConfigurationList section */
		08ABF18F23788EE400CEC3D6 /* Build configuration list for PBXProject "EasyParking" */ = {
			isa = XCConfigurationList;
			buildConfigurations = (
				08ABF1BC23788EE600CEC3D6 /* Debug */,
				08ABF1BD23788EE600CEC3D6 /* Release */,
			);
			defaultConfigurationIsVisible = 0;
			defaultConfigurationName = Release;
		};
		08ABF1BE23788EE600CEC3D6 /* Build configuration list for PBXNativeTarget "EasyParking" */ = {
			isa = XCConfigurationList;
			buildConfigurations = (
				08ABF1BF23788EE600CEC3D6 /* Debug */,
				08ABF1C023788EE600CEC3D6 /* Release */,
			);
			defaultConfigurationIsVisible = 0;
			defaultConfigurationName = Release;
		};
		08ABF1C123788EE600CEC3D6 /* Build configuration list for PBXNativeTarget "EasyParkingTests" */ = {
			isa = XCConfigurationList;
			buildConfigurations = (
				08ABF1C223788EE600CEC3D6 /* Debug */,
				08ABF1C323788EE600CEC3D6 /* Release */,
			);
			defaultConfigurationIsVisible = 0;
			defaultConfigurationName = Release;
		};
		08ABF1C423788EE600CEC3D6 /* Build configuration list for PBXNativeTarget "EasyParkingUITests" */ = {
			isa = XCConfigurationList;
			buildConfigurations = (
				08ABF1C523788EE600CEC3D6 /* Debug */,
				08ABF1C623788EE600CEC3D6 /* Release */,
			);
			defaultConfigurationIsVisible = 0;
			defaultConfigurationName = Release;
		};
/* End XCConfigurationList section */
	};
	rootObject = 08ABF18C23788EE400CEC3D6 /* Project object */;
}
